
Microsoft Visual Studio Solution File, Format Version 12.00
# Visual Studio Version 16
VisualStudioVersion = 16.0.30104.148
MinimumVisualStudioVersion = 10.0.40219.1
Project("{FAE04EC0-301F-11D3-BF4B-00C04F79EFBC}") = "NfcSample.Android", "NfcSample\NfcSample.Android\NfcSample.Android.csproj", "{D0B02AF4-5647-4029-95F4-2CA39651D122}"
EndProject
Project("{FAE04EC0-301F-11D3-BF4B-00C04F79EFBC}") = "NfcSample", "NfcSample\NfcSample\NfcSample.csproj", "{AA13ABB3-F177-4D71-BA12-53AF949873BA}"
EndProject
Global
	GlobalSection(SolutionConfigurationPlatforms) = preSolution
		Debug|Any CPU = Debug|Any CPU
		Release|Any CPU = Release|Any CPU
	EndGlobalSection
	GlobalSection(ProjectConfigurationPlatforms) = postSolution
		{D0B02AF4-5647-4029-95F4-2CA39651D122}.Debug|Any CPU.ActiveCfg = Debug|Any CPU
		{D0B02AF4-5647-4029-95F4-2CA39651D122}.Debug|Any CPU.Build.0 = Debug|Any CPU
		{D0B02AF4-5647-4029-95F4-2CA39651D122}.Debug|Any CPU.Deploy.0 = Debug|Any CPU
		{D0B02AF4-5647-4029-95F4-2CA39651D122}.Release|Any CPU.ActiveCfg = Release|Any CPU
		{D0B02AF4-5647-4029-95F4-2CA39651D122}.Release|Any CPU.Build.0 = Release|Any CPU
		{D0B02AF4-5647-4029-95F4-2CA39651D122}.Release|Any CPU.Deploy.0 = Release|Any CPU
		{AA13ABB3-F177-4D71-BA12-53AF949873BA}.Debug|Any CPU.ActiveCfg = Debug|Any CPU
		{AA13ABB3-F177-4D71-BA12-53AF949873BA}.Debug|Any CPU.Build.0 = Debug|Any CPU
		{AA13ABB3-F177-4D71-BA12-53AF949873BA}.Debug|Any CPU.Deploy.0 = Debug|Any CPU
		{AA13ABB3-F177-4D71-BA12-53AF949873BA}.Release|Any CPU.ActiveCfg = Release|Any CPU
		{AA13ABB3-F177-4D71-BA12-53AF949873BA}.Release|Any CPU.Build.0 = Release|Any CPU
		{AA13ABB3-F177-4D71-BA12-53AF949873BA}.Release|Any CPU.Deploy.0 = Release|Any CPU
	EndGlobalSection
	GlobalSection(SolutionProperties) = preSolution
		HideSolutionNode = FALSE
	EndGlobalSection
	GlobalSection(ExtensibilityGlobals) = postSolution
		SolutionGuid = {99BA0C22-524A-49DB-9A13-FEEA2DA6AF5E}
	EndGlobalSection
EndGlobal
